
Microsoft Visual Studio Solution File, Format Version 12.00
# Visual Studio 15
VisualStudioVersion = 15.0.28010.2003
MinimumVisualStudioVersion = 10.0.40219.1
Project("{FAE04EC0-301F-11D3-BF4B-00C04F79EFBC}") = "WeatherApiMvcApp", "WeatherApiMvcApp\WeatherApiMvcApp.csproj", "{A66EBA34-620C-4455-9791-A9036842DBEC}"
EndProject
Global
	GlobalSection(SolutionConfigurationPlatforms) = preSolution
		Debug|Any CPU = Debug|Any CPU
		Release|Any CPU = Release|Any CPU
	EndGlobalSection
	GlobalSection(ProjectConfigurationPlatforms) = postSolution
		{A66EBA34-620C-4455-9791-A9036842DBEC}.Debug|Any CPU.ActiveCfg = Debug|Any CPU
		{A66EBA34-620C-4455-9791-A9036842DBEC}.Debug|Any CPU.Build.0 = Debug|Any CPU
		{A66EBA34-620C-4455-9791-A9036842DBEC}.Release|Any CPU.ActiveCfg = Release|Any CPU
		{A66EBA34-620C-4455-9791-A9036842DBEC}.Release|Any CPU.Build.0 = Release|Any CPU
	EndGlobalSection
	GlobalSection(SolutionProperties) = preSolution
		HideSolutionNode = FALSE
	EndGlobalSection
	GlobalSection(ExtensibilityGlobals) = postSolution
		SolutionGuid = {2C9ECB87-E10C-4163-B421-0060A35F4951}
	EndGlobalSection
EndGlobal
